
Microsoft Visual Studio Solution File, Format Version 12.00
# Visual Studio Version 16
VisualStudioVersion = 16.0.29920.165
MinimumVisualStudioVersion = 10.0.40219.1
Project("{FAE04EC0-301F-11D3-BF4B-00C04F79EFBC}") = "IFSoft", "IFSoft\IFSoft.csproj", "{CFF43ED3-D785-4212-B00F-9AB59F525ABA}"
EndProject
Project("{FAE04EC0-301F-11D3-BF4B-00C04F79EFBC}") = "IFSOFT.Dal", "IFSOFT.Dal\IFSOFT.Dal.csproj", "{B2BECFAF-CF7A-41A7-836E-0AB836775459}"
EndProject
Global
	GlobalSection(SolutionConfigurationPlatforms) = preSolution
		Debug|Any CPU = Debug|Any CPU
		Release|Any CPU = Release|Any CPU
	EndGlobalSection
	GlobalSection(ProjectConfigurationPlatforms) = postSolution
		{CFF43ED3-D785-4212-B00F-9AB59F525ABA}.Debug|Any CPU.ActiveCfg = Debug|Any CPU
		{CFF43ED3-D785-4212-B00F-9AB59F525ABA}.Debug|Any CPU.Build.0 = Debug|Any CPU
		{CFF43ED3-D785-4212-B00F-9AB59F525ABA}.Release|Any CPU.ActiveCfg = Release|Any CPU
		{CFF43ED3-D785-4212-B00F-9AB59F525ABA}.Release|Any CPU.Build.0 = Release|Any CPU
		{B2BECFAF-CF7A-41A7-836E-0AB836775459}.Debug|Any CPU.ActiveCfg = Debug|Any CPU
		{B2BECFAF-CF7A-41A7-836E-0AB836775459}.Debug|Any CPU.Build.0 = Debug|Any CPU
		{B2BECFAF-CF7A-41A7-836E-0AB836775459}.Release|Any CPU.ActiveCfg = Release|Any CPU
		{B2BECFAF-CF7A-41A7-836E-0AB836775459}.Release|Any CPU.Build.0 = Release|Any CPU
	EndGlobalSection
	GlobalSection(SolutionProperties) = preSolution
		HideSolutionNode = FALSE
	EndGlobalSection
	GlobalSection(ExtensibilityGlobals) = postSolution
		SolutionGuid = {32F6CE9C-FFB3-41D7-88FE-8D440EBA0C22}
	EndGlobalSection
EndGlobal
